Microsoft Visual Studio Solution File, Format Version 12.00
# Visual Studio Version 17
VisualStudioVersion = 17.5.2.0
MinimumVisualStudioVersion = 10.0.40219.1
Project("{FAE04EC0-301F-11D3-BF4B-00C04F79EFBC}") = "NetCoreProject_1", "NetCoreProject_1.csproj", "{8A3609CA-12E5-2640-00BF-CB76A110FE05}"
EndProject
Global
	GlobalSection(SolutionConfigurationPlatforms) = preSolution
		Debug|Any CPU = Debug|Any CPU
		Release|Any CPU = Release|Any CPU
	EndGlobalSection
	GlobalSection(ProjectConfigurationPlatforms) = postSolution
		{8A3609CA-12E5-2640-00BF-CB76A110FE05}.Debug|Any CPU.ActiveCfg = Debug|Any CPU
		{8A3609CA-12E5-2640-00BF-CB76A110FE05}.Debug|Any CPU.Build.0 = Debug|Any CPU
		{8A3609CA-12E5-2640-00BF-CB76A110FE05}.Release|Any CPU.ActiveCfg = Release|Any CPU
		{8A3609CA-12E5-2640-00BF-CB76A110FE05}.Release|Any CPU.Build.0 = Release|Any CPU
	EndGlobalSection
	GlobalSection(SolutionProperties) = preSolution
		HideSolutionNode = FALSE
	EndGlobalSection
	GlobalSection(ExtensibilityGlobals) = postSolution
		SolutionGuid = {21B740AF-AEFE-4CDA-9F2B-32EFCB781FD5}
	EndGlobalSection
EndGlobal
